
Microsoft Visual Studio Solution File, Format Version 12.00
# Visual Studio 14
VisualStudioVersion = 14.0.25420.1
MinimumVisualStudioVersion = 10.0.40219.1
Project("{F184B08F-C81C-45F6-A57F-5ABD9991F28F}") = "SapCoExcelAddin", "SapCoExcelAddin\SapCoExcelAddin.vbproj", "{F08B48CB-1CB0-4B42-B17B-C159EAE301EF}"
EndProject
Project("{2150E333-8FDC-42A3-9474-1A3956D46DE8}") = "Solution Items", "Solution Items", "{26AFEB74-968D-4B03-96B8-4B3053A7ECA4}"
	ProjectSection(SolutionItems) = preProject
		SapCoExcelAddin\FormLogon.Designer.vb = SapCoExcelAddin\FormLogon.Designer.vb
		SapCoExcelAddin\FormLogon.resx = SapCoExcelAddin\FormLogon.resx
		SapCoExcelAddin\FormLogon.vb = SapCoExcelAddin\FormLogon.vb
	EndProjectSection
EndProject
Global
	GlobalSection(SolutionConfigurationPlatforms) = preSolution
		Debug|Any CPU = Debug|Any CPU
		Debug|x64 = Debug|x64
		Release|Any CPU = Release|Any CPU
		Release|x64 = Release|x64
	EndGlobalSection
	GlobalSection(ProjectConfigurationPlatforms) = postSolution
		{F08B48CB-1CB0-4B42-B17B-C159EAE301EF}.Debug|Any CPU.ActiveCfg = Debug|Any CPU
		{F08B48CB-1CB0-4B42-B17B-C159EAE301EF}.Debug|Any CPU.Build.0 = Debug|Any CPU
		{F08B48CB-1CB0-4B42-B17B-C159EAE301EF}.Debug|x64.ActiveCfg = Release|x64
		{F08B48CB-1CB0-4B42-B17B-C159EAE301EF}.Debug|x64.Build.0 = Release|x64
		{F08B48CB-1CB0-4B42-B17B-C159EAE301EF}.Release|Any CPU.ActiveCfg = Release|Any CPU
		{F08B48CB-1CB0-4B42-B17B-C159EAE301EF}.Release|Any CPU.Build.0 = Release|Any CPU
		{F08B48CB-1CB0-4B42-B17B-C159EAE301EF}.Release|x64.ActiveCfg = Release|x64
		{F08B48CB-1CB0-4B42-B17B-C159EAE301EF}.Release|x64.Build.0 = Release|x64
	EndGlobalSection
	GlobalSection(SolutionProperties) = preSolution
		HideSolutionNode = FALSE
	EndGlobalSection
EndGlobal
